
Microsoft Visual Studio Solution File, Format Version 12.00
# Visual Studio Version 17
VisualStudioVersion = 17.11.35312.102
MinimumVisualStudioVersion = 10.0.40219.1
Project("{FAE04EC0-301F-11D3-BF4B-00C04F79EFBC}") = "huffmanlepszy", "huffmanlepszy\huffmanlepszy.csproj", "{6402258C-F09A-4E95-BFAE-F9173B8EE526}"
EndProject
Global
	GlobalSection(SolutionConfigurationPlatforms) = preSolution
		Debug|Any CPU = Debug|Any CPU
		Release|Any CPU = Release|Any CPU
	EndGlobalSection
	GlobalSection(ProjectConfigurationPlatforms) = postSolution
		{6402258C-F09A-4E95-BFAE-F9173B8EE526}.Debug|Any CPU.ActiveCfg = Debug|Any CPU
		{6402258C-F09A-4E95-BFAE-F9173B8EE526}.Debug|Any CPU.Build.0 = Debug|Any CPU
		{6402258C-F09A-4E95-BFAE-F9173B8EE526}.Release|Any CPU.ActiveCfg = Release|Any CPU
		{6402258C-F09A-4E95-BFAE-F9173B8EE526}.Release|Any CPU.Build.0 = Release|Any CPU
	EndGlobalSection
	GlobalSection(SolutionProperties) = preSolution
		HideSolutionNode = FALSE
	EndGlobalSection
	GlobalSection(ExtensibilityGlobals) = postSolution
		SolutionGuid = {8400F0D1-D7A2-4C1F-8DA4-B7B367029D6F}
	EndGlobalSection
EndGlobal
