
Microsoft Visual Studio Solution File, Format Version 12.00
# Visual Studio Version 17
VisualStudioVersion = 17.11.35327.3
MinimumVisualStudioVersion = 10.0.40219.1
Project("{FAE04EC0-301F-11D3-BF4B-00C04F79EFBC}") = "sortowania", "sortowania\sortowania.csproj", "{B4FF0AF0-9B1F-49C9-9D8D-2AF42EA5BB92}"
EndProject
Global
	GlobalSection(SolutionConfigurationPlatforms) = preSolution
		Debug|Any CPU = Debug|Any CPU
		Release|Any CPU = Release|Any CPU
	EndGlobalSection
	GlobalSection(ProjectConfigurationPlatforms) = postSolution
		{B4FF0AF0-9B1F-49C9-9D8D-2AF42EA5BB92}.Debug|Any CPU.ActiveCfg = Debug|Any CPU
		{B4FF0AF0-9B1F-49C9-9D8D-2AF42EA5BB92}.Debug|Any CPU.Build.0 = Debug|Any CPU
		{B4FF0AF0-9B1F-49C9-9D8D-2AF42EA5BB92}.Release|Any CPU.ActiveCfg = Release|Any CPU
		{B4FF0AF0-9B1F-49C9-9D8D-2AF42EA5BB92}.Release|Any CPU.Build.0 = Release|Any CPU
	EndGlobalSection
	GlobalSection(SolutionProperties) = preSolution
		HideSolutionNode = FALSE
	EndGlobalSection
	GlobalSection(ExtensibilityGlobals) = postSolution
		SolutionGuid = {5F84843B-5722-4C46-802C-55C9DA1AF65A}
	EndGlobalSection
EndGlobal
